// !$*UTF8*$!
{
	archiveVersion = 1;
	classes = {
	};
	objectVersion = 46;
	objects = {

/* Begin PBXBuildFile section */
		EBF64EFA182C2B1A007F2114 /* Foundation.framework in Frameworks */ = {isa = PBXBuildFile; fileRef = EBF64EF9182C2B1A007F2114 /* Foundation.framework */; };
		EBF64EFF182C2B1A007F2114 /* GKSessionWrappers.h in CopyFiles */ = {isa = PBXBuildFile; fileRef = EBF64EFE182C2B1A007F2114 /* GKSessionWrappers.h */; };
		EBF64F01182C2B1A007F2114 /* GKSessionWrappers.m in Sources */ = {isa = PBXBuildFile; fileRef = EBF64F00182C2B1A007F2114 /* GKSessionWrappers.m */; };
/* End PBXBuildFile section */

/* Begin PBXCopyFilesBuildPhase section */
		EBF64EF4182C2B1A007F2114 /* CopyFiles */ = {
			isa = PBXCopyFilesBuildPhase;
			buildActionMask = 2147483647;
			dstPath = "include/${PRODUCT_NAME}";
			dstSubfolderSpec = 16;
			files = (
				EBF64EFF182C2B1A007F2114 /* GKSessionWrappers.h in CopyFiles */,
			);
			runOnlyForDeploymentPostprocessing = 0;
		};
/* End PBXCopyFilesBuildPhase section */

/* Begin PBXFileReference section */
		EBF64EF6182C2B1A007F2114 /* libGKSessionWrappers.a */ = {isa = PBXFileReference; explicitFileType = archive.ar; includeInIndex = 0; path = libGKSessionWrappers.a; sourceTree = BUILT_PRODUCTS_DIR; };
		EBF64EF9182C2B1A007F2114 /* Foundation.framework */ = {isa = PBXFileReference; lastKnownFileType = wrapper.framework; name = Foundation.framework; path = System/Library/Frameworks/Foundation.framework; sourceTree = SDKROOT; };
		EBF64EFD182C2B1A007F2114 /* GKSessionWrappers-Prefix.pch */ = {isa = PBXFileReference; lastKnownFileType = sourcecode.c.h; path = "GKSessionWrappers-Prefix.pch"; sourceTree = "<group>"; };
		EBF64EFE182C2B1A007F2114 /* GKSessionWrappers.h */ = {isa = PBXFileReference; lastKnownFileType = sourcecode.c.h; path = GKSessionWrappers.h; sourceTree = "<group>"; };
		EBF64F00182C2B1A007F2114 /* GKSessionWrappers.m */ = {isa = PBXFileReference; lastKnownFileType = sourcecode.c.objc; path = GKSessionWrappers.m; sourceTree = "<group>"; };
/* End PBXFileReference section */

/* Begin PBXFrameworksBuildPhase section */
		EBF64EF3182C2B1A007F2114 /* Frameworks */ = {
			isa = PBXFrameworksBuildPhase;
			buildActionMask = 2147483647;
			files = (
				EBF64EFA182C2B1A007F2114 /* Foundation.framework in Frameworks */,
			);
			runOnlyForDeploymentPostprocessing = 0;
		};
/* End PBXFrameworksBuildPhase section */

/* Begin PBXGroup section */
		EBF64EED182C2B1A007F2114 = {
			isa = PBXGroup;
			children = (
				EBF64EFB182C2B1A007F2114 /* GKSessionWrappers */,
				EBF64EF8182C2B1A007F2114 /* Frameworks */,
				EBF64EF7182C2B1A007F2114 /* Products */,
			);
			sourceTree = "<group>";
		};
		EBF64EF7182C2B1A007F2114 /* Products */ = {
			isa = PBXGroup;
			children = (
				EBF64EF6182C2B1A007F2114 /* libGKSessionWrappers.a */,
			);
			name = Products;
			sourceTree = "<group>";
		};
		EBF64EF8182C2B1A007F2114 /* Frameworks */ = {
			isa = PBXGroup;
			children = (
				EBF64EF9182C2B1A007F2114 /* Foundation.framework */,
			);
			name = Frameworks;
			sourceTree = "<group>";
		};
		EBF64EFB182C2B1A007F2114 /* GKSessionWrappers */ = {
			isa = PBXGroup;
			children = (
				EBF64EFE182C2B1A007F2114 /* GKSessionWrappers.h */,
				EBF64F00182C2B1A007F2114 /* GKSessionWrappers.m */,
				EBF64EFC182C2B1A007F2114 /* Supporting Files */,
			);
			path = GKSessionWrappers;
			sourceTree = "<group>";
		};
		EBF64EFC182C2B1A007F2114 /* Supporting Files */ = {
			isa = PBXGroup;
			children = (
				EBF64EFD182C2B1A007F2114 /* GKSessionWrappers-Prefix.pch */,
			);
			name = "Supporting Files";
			sourceTree = "<group>";
		};
/* End PBXGroup section */

/* Begin PBXNativeTarget section */
		EBF64EF5182C2B1A007F2114 /* GKSessionWrappers */ = {
			isa = PBXNativeTarget;
			buildConfigurationList = EBF64F04182C2B1A007F2114 /* Build configuration list for PBXNativeTarget "GKSessionWrappers" */;
			buildPhases = (
				EBF64EF2182C2B1A007F2114 /* Sources */,
				EBF64EF3182C2B1A007F2114 /* Frameworks */,
				EBF64EF4182C2B1A007F2114 /* CopyFiles */,
			);
			buildRules = (
			);
			dependencies = (
			);
			name = GKSessionWrappers;
			productName = GKSessionWrappers;
			productReference = EBF64EF6182C2B1A007F2114 /* libGKSessionWrappers.a */;
			productType = "com.apple.product-type.library.static";
		};
/* End PBXNativeTarget section */

/* Begin PBXProject section */
		EBF64EEE182C2B1A007F2114 /* Project object */ = {
			isa = PBXProject;
			attributes = {
				LastUpgradeCheck = 0460;
				ORGANIZATIONNAME = "Vladislav Brylinskiy";
			};
			buildConfigurationList = EBF64EF1182C2B1A007F2114 /* Build configuration list for PBXProject "GKSessionWrappers" */;
			compatibilityVersion = "Xcode 3.2";
			developmentRegion = English;
			hasScannedForEncodings = 0;
			knownRegions = (
				en,
			);
			mainGroup = EBF64EED182C2B1A007F2114;
			productRefGroup = EBF64EF7182C2B1A007F2114 /* Products */;
			projectDirPath = "";
			projectRoot = "";
			targets = (
				EBF64EF5182C2B1A007F2114 /* GKSessionWrappers */,
			);
		};
/* End PBXProject section */

/* Begin PBXSourcesBuildPhase section */
		EBF64EF2182C2B1A007F2114 /* Sources */ = {
			isa = PBXSourcesBuildPhase;
			buildActionMask = 2147483647;
			files = (
				EBF64F01182C2B1A007F2114 /* GKSessionWrappers.m in Sources */,
			);
			runOnlyForDeploymentPostprocessing = 0;
		};
/* End PBXSourcesBuildPhase section */

/* Begin XCBuildConfiguration section */
		EBF64F02182C2B1A007F2114 /* Debug */ = {
			isa = XCBuildConfiguration;
			buildSettings = {
				ALWAYS_SEARCH_USER_PATHS = NO;
				CLANG_CXX_LANGUAGE_STANDARD = "gnu++0x";
				CLANG_CXX_LIBRARY = "libc++";
				CLANG_ENABLE_OBJC_ARC = YES;
				CLANG_WARN_CONSTANT_CONVERSION = YES;
				CLANG_WARN_EMPTY_BODY = YES;
				CLANG_WARN_ENUM_CONVERSION = YES;
				CLANG_WARN_INT_CONVERSION = YES;
				CLANG_WARN__DUPLICATE_METHOD_MATCH = YES;
				COPY_PHASE_STRIP = NO;
				GCC_C_LANGUAGE_STANDARD = gnu99;
				GCC_DYNAMIC_NO_PIC = NO;
				GCC_OPTIMIZATION_LEVEL = 0;
				GCC_PREPROCESSOR_DEFINITIONS = (
					"DEBUG=1",
					"$(inherited)",
				);
				GCC_SYMBOLS_PRIVATE_EXTERN = NO;
				GCC_WARN_ABOUT_RETURN_TYPE = YES;
				GCC_WARN_UNINITIALIZED_AUTOS = YES;
				GCC_WARN_UNUSED_VARIABLE = YES;
				IPHONEOS_DEPLOYMENT_TARGET = 6.1;
				ONLY_ACTIVE_ARCH = YES;
				SDKROOT = iphoneos;
			};
			name = Debug;
		};
		EBF64F03182C2B1A007F2114 /* Release */ = {
			isa = XCBuildConfiguration;
			buildSettings = {
				ALWAYS_SEARCH_USER_PATHS = NO;
				CLANG_CXX_LANGUAGE_STANDARD = "gnu++0x";
				CLANG_CXX_LIBRARY = "libc++";
				CLANG_ENABLE_OBJC_ARC = YES;
				CLANG_WARN_CONSTANT_CONVERSION = YES;
				CLANG_WARN_EMPTY_BODY = YES;
				CLANG_WARN_ENUM_CONVERSION = YES;
				CLANG_WARN_INT_CONVERSION = YES;
				CLANG_WARN__DUPLICATE_METHOD_MATCH = YES;
				COPY_PHASE_STRIP = YES;
				GCC_C_LANGUAGE_STANDARD = gnu99;
				GCC_WARN_ABOUT_RETURN_TYPE = YES;
				GCC_WARN_UNINITIALIZED_AUTOS = YES;
				GCC_WARN_UNUSED_VARIABLE = YES;
				IPHONEOS_DEPLOYMENT_TARGET = 6.1;
				SDKROOT = iphoneos;
				VALIDATE_PRODUCT = YES;
			};
			name = Release;
		};
		EBF64F05182C2B1A007F2114 /* Debug */ = {
			isa = XCBuildConfiguration;
			buildSettings = {
				DSTROOT = /tmp/GKSessionWrappers.dst;
				GCC_PRECOMPILE_PREFIX_HEADER = YES;
				GCC_PREFIX_HEADER = "GKSessionWrappers/GKSessionWrappers-Prefix.pch";
				OTHER_LDFLAGS = "-ObjC";
				PRODUCT_NAME = "$(TARGET_NAME)";
				SKIP_INSTALL = YES;
			};
			name = Debug;
		};
		EBF64F06182C2B1A007F2114 /* Release */ = {
			isa = XCBuildConfiguration;
			buildSettings = {
				DSTROOT = /tmp/GKSessionWrappers.dst;
				GCC_PRECOMPILE_PREFIX_HEADER = YES;
				GCC_PREFIX_HEADER = "GKSessionWrappers/GKSessionWrappers-Prefix.pch";
				OTHER_LDFLAGS = "-ObjC";
				PRODUCT_NAME = "$(TARGET_NAME)";
				SKIP_INSTALL = YES;
			};
			name = Release;
		};
/* End XCBuildConfiguration section */

/* Begin XCConfigurationList section */
		EBF64EF1182C2B1A007F2114 /* Build configuration list for PBXProject "GKSessionWrappers" */ = {
			isa = XCConfigurationList;
			buildConfigurations = (
				EBF64F02182C2B1A007F2114 /* Debug */,
				EBF64F03182C2B1A007F2114 /* Release */,
			);
			defaultConfigurationIsVisible = 0;
			defaultConfigurationName = Release;
		};
		EBF64F04182C2B1A007F2114 /* Build configuration list for PBXNativeTarget "GKSessionWrappers" */ = {
			isa = XCConfigurationList;
			buildConfigurations = (
				EBF64F05182C2B1A007F2114 /* Debug */,
				EBF64F06182C2B1A007F2114 /* Release */,
			);
			defaultConfigurationIsVisible = 0;
		};
/* End XCConfigurationList section */
	};
	rootObject = EBF64EEE182C2B1A007F2114 /* Project object */;
}
